{
  "name": "examen js",
  "lockfileVersion": 3,
  "requires": true,
  "packages": {
    "": {
      "dependencies": {
        "@porsche-design-system/components-js": "^3.14.0"
      }
    },
    "node_modules/@porsche-design-system/components-js": {
      "version": "3.14.0",
      "resolved": "https://registry.npmjs.org/@porsche-design-system/components-js/-/components-js-3.14.0.tgz",
      "integrity": "sha512-aheloua+Zo20XmoVAHWZ16Vzp7w5KBcKqNAHazglksJG1KR/PFUAOwwaJ11cyw9TiXhcklRX+b+yagPoVWqZdQ=="
    }
  }
}
